
Microsoft Visual Studio Solution File, Format Version 12.00
# Visual Studio Version 17
VisualStudioVersion = 17.0.31903.59
MinimumVisualStudioVersion = 10.0.40219.1
Project("{FAE04EC0-301F-11D3-BF4B-00C04F79EFBC}") = "WhisperFlowLocal", "WhisperFlowLocal.csproj", "{F5A19C1C-02CF-4709-8D2C-62F3FF8273C6}"
EndProject
Project("{FAE04EC0-301F-11D3-BF4B-00C04F79EFBC}") = "WhisperFlowLocal.Tests", "Tests\WhisperFlowLocal.Tests.csproj", "{856D7DA3-6521-4350-8D24-3E0FF826A7A5}"
EndProject
Global
	GlobalSection(SolutionConfigurationPlatforms) = preSolution
		Debug|Any CPU = Debug|Any CPU
		Release|Any CPU = Release|Any CPU
	EndGlobalSection
	GlobalSection(SolutionProperties) = preSolution
		HideSolutionNode = FALSE
	EndGlobalSection
	GlobalSection(ProjectConfigurationPlatforms) = postSolution
		{F5A19C1C-02CF-4709-8D2C-62F3FF8273C6}.Debug|Any CPU.ActiveCfg = Debug|Any CPU
		{F5A19C1C-02CF-4709-8D2C-62F3FF8273C6}.Debug|Any CPU.Build.0 = Debug|Any CPU
		{F5A19C1C-02CF-4709-8D2C-62F3FF8273C6}.Release|Any CPU.ActiveCfg = Release|Any CPU
		{F5A19C1C-02CF-4709-8D2C-62F3FF8273C6}.Release|Any CPU.Build.0 = Release|Any CPU
		{856D7DA3-6521-4350-8D24-3E0FF826A7A5}.Debug|Any CPU.ActiveCfg = Debug|Any CPU
		{856D7DA3-6521-4350-8D24-3E0FF826A7A5}.Debug|Any CPU.Build.0 = Debug|Any CPU
		{856D7DA3-6521-4350-8D24-3E0FF826A7A5}.Release|Any CPU.ActiveCfg = Release|Any CPU
		{856D7DA3-6521-4350-8D24-3E0FF826A7A5}.Release|Any CPU.Build.0 = Release|Any CPU
	EndGlobalSection
EndGlobal
